// !$*UTF8*$!
{
	archiveVersion = 1;
	classes = {
	};
	objectVersion = 46;
	objects = {

/* Begin PBXBuildFile section */
		46F303591982BE0000536129 /* main.swift in Sources */ = {isa = PBXBuildFile; fileRef = 46F303581982BE0000536129 /* main.swift */; };
		46F3035D1982BE5400536129 /* Sleipnir.framework in Frameworks */ = {isa = PBXBuildFile; fileRef = 46F3034D1982BDE000536129 /* Sleipnir.framework */; };
		46F303641982D0E600536129 /* array.swift in Sources */ = {isa = PBXBuildFile; fileRef = 46F303631982D0E600536129 /* array.swift */; };
		46F303671982D15900536129 /* array_specs.swift in Sources */ = {isa = PBXBuildFile; fileRef = 46F303661982D15900536129 /* array_specs.swift */; };
		46F3037219839C6F00536129 /* EqualityComparable.swift in Sources */ = {isa = PBXBuildFile; fileRef = 46F3037119839C6F00536129 /* EqualityComparable.swift */; };
		46F303751983A50000536129 /* IntExt.swift in Sources */ = {isa = PBXBuildFile; fileRef = 46F303741983A50000536129 /* IntExt.swift */; };
/* End PBXBuildFile section */

/* Begin PBXContainerItemProxy section */
		46F3034A1982BDE000536129 /* PBXContainerItemProxy */ = {
			isa = PBXContainerItemProxy;
			containerPortal = 46F303431982BDE000536129 /* Sleipnir.xcodeproj */;
			proxyType = 2;
			remoteGlobalIDString = 46718B56194B6A2C006E8A18;
			remoteInfo = Sleipnir;
		};
		46F3034C1982BDE000536129 /* PBXContainerItemProxy */ = {
			isa = PBXContainerItemProxy;
			containerPortal = 46F303431982BDE000536129 /* Sleipnir.xcodeproj */;
			proxyType = 2;
			remoteGlobalIDString = 4640EB84196942AF00AE5952;
			remoteInfo = "Sleipnir-iOS";
		};
		46F3034E1982BDE000536129 /* PBXContainerItemProxy */ = {
			isa = PBXContainerItemProxy;
			containerPortal = 46F303431982BDE000536129 /* Sleipnir.xcodeproj */;
			proxyType = 2;
			remoteGlobalIDString = 4640EBB51969440500AE5952;
			remoteInfo = "Sleipnir-OSX";
		};
		46F303501982BDE000536129 /* PBXContainerItemProxy */ = {
			isa = PBXContainerItemProxy;
			containerPortal = 46F303431982BDE000536129 /* Sleipnir.xcodeproj */;
			proxyType = 2;
			remoteGlobalIDString = 314AE5C1196D78DA00CA7ED7;
			remoteInfo = Spec;
		};
/* End PBXContainerItemProxy section */

/* Begin PBXCopyFilesBuildPhase section */
		46F303541982BE0000536129 /* CopyFiles */ = {
			isa = PBXCopyFilesBuildPhase;
			buildActionMask = 2147483647;
			dstPath = /usr/share/man/man1/;
			dstSubfolderSpec = 0;
			files = (
			);
			runOnlyForDeploymentPostprocessing = 1;
		};
/* End PBXCopyFilesBuildPhase section */

/* Begin PBXFileReference section */
		46F303431982BDE000536129 /* Sleipnir.xcodeproj */ = {isa = PBXFileReference; lastKnownFileType = "wrapper.pb-project"; name = Sleipnir.xcodeproj; path = Sleipnir/Sleipnir/Sleipnir.xcodeproj; sourceTree = "<group>"; };
		46F303561982BE0000536129 /* Specs */ = {isa = PBXFileReference; explicitFileType = "compiled.mach-o.executable"; includeInIndex = 0; path = Specs; sourceTree = BUILT_PRODUCTS_DIR; };
		46F303581982BE0000536129 /* main.swift */ = {isa = PBXFileReference; lastKnownFileType = sourcecode.swift; path = main.swift; sourceTree = "<group>"; };
		46F303631982D0E600536129 /* array.swift */ = {isa = PBXFileReference; fileEncoding = 4; lastKnownFileType = sourcecode.swift; path = array.swift; sourceTree = "<group>"; };
		46F303661982D15900536129 /* array_specs.swift */ = {isa = PBXFileReference; fileEncoding = 4; lastKnownFileType = sourcecode.swift; path = array_specs.swift; sourceTree = "<group>"; };
		46F3037119839C6F00536129 /* EqualityComparable.swift */ = {isa = PBXFileReference; fileEncoding = 4; lastKnownFileType = sourcecode.swift; path = EqualityComparable.swift; sourceTree = "<group>"; };
		46F303741983A50000536129 /* IntExt.swift */ = {isa = PBXFileReference; fileEncoding = 4; lastKnownFileType = sourcecode.swift; path = IntExt.swift; sourceTree = "<group>"; };
/* End PBXFileReference section */

/* Begin PBXFrameworksBuildPhase section */
		46F303531982BE0000536129 /* Frameworks */ = {
			isa = PBXFrameworksBuildPhase;
			buildActionMask = 2147483647;
			files = (
				46F3035D1982BE5400536129 /* Sleipnir.framework in Frameworks */,
			);
			runOnlyForDeploymentPostprocessing = 0;
		};
/* End PBXFrameworksBuildPhase section */

/* Begin PBXGroup section */
		46F3032F1982BD1600536129 = {
			isa = PBXGroup;
			children = (
				46F303421982BDC400536129 /* ThirdParty */,
				46F3033A1982BD1600536129 /* Castalia */,
				46F303571982BE0000536129 /* Specs */,
				46F303391982BD1600536129 /* Products */,
			);
			sourceTree = "<group>";
		};
		46F303391982BD1600536129 /* Products */ = {
			isa = PBXGroup;
			children = (
				46F303561982BE0000536129 /* Specs */,
			);
			name = Products;
			sourceTree = "<group>";
		};
		46F3033A1982BD1600536129 /* Castalia */ = {
			isa = PBXGroup;
			children = (
				46F303731983A39800536129 /* Ext */,
				46F303621982D0BF00536129 /* Collections */,
			);
			path = Castalia;
			sourceTree = "<group>";
		};
		46F303421982BDC400536129 /* ThirdParty */ = {
			isa = PBXGroup;
			children = (
				46F303431982BDE000536129 /* Sleipnir.xcodeproj */,
			);
			path = ThirdParty;
			sourceTree = "<group>";
		};
		46F303441982BDE000536129 /* Products */ = {
			isa = PBXGroup;
			children = (
				46F3034B1982BDE000536129 /* Sleipnir */,
				46F3034D1982BDE000536129 /* Sleipnir.framework */,
				46F3034F1982BDE000536129 /* Sleipnir.framework */,
				46F303511982BDE000536129 /* Spec */,
			);
			name = Products;
			sourceTree = "<group>";
		};
		46F303571982BE0000536129 /* Specs */ = {
			isa = PBXGroup;
			children = (
				46F303651982D14400536129 /* Collections */,
				46F303581982BE0000536129 /* main.swift */,
			);
			path = Specs;
			sourceTree = "<group>";
		};
		46F303621982D0BF00536129 /* Collections */ = {
			isa = PBXGroup;
			children = (
				46F303631982D0E600536129 /* array.swift */,
				46F3037119839C6F00536129 /* EqualityComparable.swift */,
			);
			path = Collections;
			sourceTree = "<group>";
		};
		46F303651982D14400536129 /* Collections */ = {
			isa = PBXGroup;
			children = (
				46F303661982D15900536129 /* array_specs.swift */,
			);
			path = Collections;
			sourceTree = "<group>";
		};
		46F303731983A39800536129 /* Ext */ = {
			isa = PBXGroup;
			children = (
				46F303741983A50000536129 /* IntExt.swift */,
			);
			name = Ext;
			sourceTree = "<group>";
		};
/* End PBXGroup section */

/* Begin PBXNativeTarget section */
		46F303551982BE0000536129 /* Specs */ = {
			isa = PBXNativeTarget;
			buildConfigurationList = 46F3035A1982BE0000536129 /* Build configuration list for PBXNativeTarget "Specs" */;
			buildPhases = (
				46F303521982BE0000536129 /* Sources */,
				46F303531982BE0000536129 /* Frameworks */,
				46F303541982BE0000536129 /* CopyFiles */,
			);
			buildRules = (
			);
			dependencies = (
			);
			name = Specs;
			productName = Specs;
			productReference = 46F303561982BE0000536129 /* Specs */;
			productType = "com.apple.product-type.tool";
		};
/* End PBXNativeTarget section */

/* Begin PBXProject section */
		46F303301982BD1600536129 /* Project object */ = {
			isa = PBXProject;
			attributes = {
				LastUpgradeCheck = 0600;
				ORGANIZATIONNAME = AlexDenisov;
				TargetAttributes = {
					46F303551982BE0000536129 = {
						CreatedOnToolsVersion = 6.0;
					};
				};
			};
			buildConfigurationList = 46F303331982BD1600536129 /* Build configuration list for PBXProject "Castalia" */;
			compatibilityVersion = "Xcode 3.2";
			developmentRegion = English;
			hasScannedForEncodings = 0;
			knownRegions = (
				en,
			);
			mainGroup = 46F3032F1982BD1600536129;
			productRefGroup = 46F303391982BD1600536129 /* Products */;
			projectDirPath = "";
			projectReferences = (
				{
					ProductGroup = 46F303441982BDE000536129 /* Products */;
					ProjectRef = 46F303431982BDE000536129 /* Sleipnir.xcodeproj */;
				},
			);
			projectRoot = "";
			targets = (
				46F303551982BE0000536129 /* Specs */,
			);
		};
/* End PBXProject section */

/* Begin PBXReferenceProxy section */
		46F3034B1982BDE000536129 /* Sleipnir */ = {
			isa = PBXReferenceProxy;
			fileType = "compiled.mach-o.executable";
			path = Sleipnir;
			remoteRef = 46F3034A1982BDE000536129 /* PBXContainerItemProxy */;
			sourceTree = BUILT_PRODUCTS_DIR;
		};
		46F3034D1982BDE000536129 /* Sleipnir.framework */ = {
			isa = PBXReferenceProxy;
			fileType = wrapper.framework;
			path = Sleipnir.framework;
			remoteRef = 46F3034C1982BDE000536129 /* PBXContainerItemProxy */;
			sourceTree = BUILT_PRODUCTS_DIR;
		};
		46F3034F1982BDE000536129 /* Sleipnir.framework */ = {
			isa = PBXReferenceProxy;
			fileType = wrapper.framework;
			path = Sleipnir.framework;
			remoteRef = 46F3034E1982BDE000536129 /* PBXContainerItemProxy */;
			sourceTree = BUILT_PRODUCTS_DIR;
		};
		46F303511982BDE000536129 /* Spec */ = {
			isa = PBXReferenceProxy;
			fileType = "compiled.mach-o.executable";
			path = Spec;
			remoteRef = 46F303501982BDE000536129 /* PBXContainerItemProxy */;
			sourceTree = BUILT_PRODUCTS_DIR;
		};
/* End PBXReferenceProxy section */

/* Begin PBXSourcesBuildPhase section */
		46F303521982BE0000536129 /* Sources */ = {
			isa = PBXSourcesBuildPhase;
			buildActionMask = 2147483647;
			files = (
				46F303591982BE0000536129 /* main.swift in Sources */,
				46F303751983A50000536129 /* IntExt.swift in Sources */,
				46F303641982D0E600536129 /* array.swift in Sources */,
				46F3037219839C6F00536129 /* EqualityComparable.swift in Sources */,
				46F303671982D15900536129 /* array_specs.swift in Sources */,
			);
			runOnlyForDeploymentPostprocessing = 0;
		};
/* End PBXSourcesBuildPhase section */

/* Begin XCBuildConfiguration section */
		46F3033D1982BD1600536129 /* Debug */ = {
			isa = XCBuildConfiguration;
			buildSettings = {
				ALWAYS_SEARCH_USER_PATHS = NO;
				CLANG_CXX_LANGUAGE_STANDARD = "gnu++0x";
				CLANG_CXX_LIBRARY = "libc++";
				CLANG_ENABLE_MODULES = YES;
				CLANG_ENABLE_OBJC_ARC = YES;
				CLANG_WARN_BOOL_CONVERSION = YES;
				CLANG_WARN_CONSTANT_CONVERSION = YES;
				CLANG_WARN_DIRECT_OBJC_ISA_USAGE = YES_ERROR;
				CLANG_WARN_EMPTY_BODY = YES;
				CLANG_WARN_ENUM_CONVERSION = YES;
				CLANG_WARN_INT_CONVERSION = YES;
				CLANG_WARN_OBJC_ROOT_CLASS = YES_ERROR;
				CLANG_WARN_UNREACHABLE_CODE = YES;
				CLANG_WARN__DUPLICATE_METHOD_MATCH = YES;
				COPY_PHASE_STRIP = NO;
				ENABLE_STRICT_OBJC_MSGSEND = YES;
				GCC_C_LANGUAGE_STANDARD = gnu99;
				GCC_DYNAMIC_NO_PIC = NO;
				GCC_OPTIMIZATION_LEVEL = 0;
				GCC_PREPROCESSOR_DEFINITIONS = (
					"DEBUG=1",
					"$(inherited)",
				);
				GCC_SYMBOLS_PRIVATE_EXTERN = NO;
				GCC_WARN_64_TO_32_BIT_CONVERSION = YES;
				GCC_WARN_ABOUT_RETURN_TYPE = YES_ERROR;
				GCC_WARN_UNDECLARED_SELECTOR = YES;
				GCC_WARN_UNINITIALIZED_AUTOS = YES_AGGRESSIVE;
				GCC_WARN_UNUSED_FUNCTION = YES;
				GCC_WARN_UNUSED_VARIABLE = YES;
				MACOSX_DEPLOYMENT_TARGET = 10.9;
				MTL_ENABLE_DEBUG_INFO = YES;
				ONLY_ACTIVE_ARCH = YES;
				SDKROOT = macosx;
				SWIFT_OPTIMIZATION_LEVEL = "-Onone";
			};
			name = Debug;
		};
		46F3033E1982BD1600536129 /* Release */ = {
			isa = XCBuildConfiguration;
			buildSettings = {
				ALWAYS_SEARCH_USER_PATHS = NO;
				CLANG_CXX_LANGUAGE_STANDARD = "gnu++0x";
				CLANG_CXX_LIBRARY = "libc++";
				CLANG_ENABLE_MODULES = YES;
				CLANG_ENABLE_OBJC_ARC = YES;
				CLANG_WARN_BOOL_CONVERSION = YES;
				CLANG_WARN_CONSTANT_CONVERSION = YES;
				CLANG_WARN_DIRECT_OBJC_ISA_USAGE = YES_ERROR;
				CLANG_WARN_EMPTY_BODY = YES;
				CLANG_WARN_ENUM_CONVERSION = YES;
				CLANG_WARN_INT_CONVERSION = YES;
				CLANG_WARN_OBJC_ROOT_CLASS = YES_ERROR;
				CLANG_WARN_UNREACHABLE_CODE = YES;
				CLANG_WARN__DUPLICATE_METHOD_MATCH = YES;
				COPY_PHASE_STRIP = YES;
				DEBUG_INFORMATION_FORMAT = "dwarf-with-dsym";
				ENABLE_NS_ASSERTIONS = NO;
				ENABLE_STRICT_OBJC_MSGSEND = YES;
				GCC_C_LANGUAGE_STANDARD = gnu99;
				GCC_WARN_64_TO_32_BIT_CONVERSION = YES;
				GCC_WARN_ABOUT_RETURN_TYPE = YES_ERROR;
				GCC_WARN_UNDECLARED_SELECTOR = YES;
				GCC_WARN_UNINITIALIZED_AUTOS = YES_AGGRESSIVE;
				GCC_WARN_UNUSED_FUNCTION = YES;
				GCC_WARN_UNUSED_VARIABLE = YES;
				MACOSX_DEPLOYMENT_TARGET = 10.9;
				MTL_ENABLE_DEBUG_INFO = NO;
				SDKROOT = macosx;
			};
			name = Release;
		};
		46F3035B1982BE0000536129 /* Debug */ = {
			isa = XCBuildConfiguration;
			buildSettings = {
				GCC_PREPROCESSOR_DEFINITIONS = (
					"DEBUG=1",
					"$(inherited)",
				);
				PRODUCT_NAME = "$(TARGET_NAME)";
			};
			name = Debug;
		};
		46F3035C1982BE0000536129 /* Release */ = {
			isa = XCBuildConfiguration;
			buildSettings = {
				PRODUCT_NAME = "$(TARGET_NAME)";
			};
			name = Release;
		};
/* End XCBuildConfiguration section */

/* Begin XCConfigurationList section */
		46F303331982BD1600536129 /* Build configuration list for PBXProject "Castalia" */ = {
			isa = XCConfigurationList;
			buildConfigurations = (
				46F3033D1982BD1600536129 /* Debug */,
				46F3033E1982BD1600536129 /* Release */,
			);
			defaultConfigurationIsVisible = 0;
			defaultConfigurationName = Release;
		};
		46F3035A1982BE0000536129 /* Build configuration list for PBXNativeTarget "Specs" */ = {
			isa = XCConfigurationList;
			buildConfigurations = (
				46F3035B1982BE0000536129 /* Debug */,
				46F3035C1982BE0000536129 /* Release */,
			);
			defaultConfigurationIsVisible = 0;
			defaultConfigurationName = Release;
		};
/* End XCConfigurationList section */
	};
	rootObject = 46F303301982BD1600536129 /* Project object */;
}
